
Microsoft Visual Studio Solution File, Format Version 12.00
# Visual Studio Version 16
VisualStudioVersion = 16.0.30104.148
MinimumVisualStudioVersion = 10.0.40219.1
Project("{FAE04EC0-301F-11D3-BF4B-00C04F79EFBC}") = "GlyphEdit", "GlyphEdit\GlyphEdit.csproj", "{2AAB3240-3F20-427B-B333-FE4F65CC811B}"
EndProject
Project("{FAE04EC0-301F-11D3-BF4B-00C04F79EFBC}") = "Hellhole.WpfMonogame", "Hellhole.WpfMonogame\Hellhole.WpfMonogame.csproj", "{34C02FAB-F641-4705-A435-87B0452C5100}"
EndProject
Project("{FAE04EC0-301F-11D3-BF4B-00C04F79EFBC}") = "GlyphEdit.Model", "GlyphEdit.Model\GlyphEdit.Model.csproj", "{592C7013-B334-479F-B30F-7D83505A5884}"
EndProject
Project("{FAE04EC0-301F-11D3-BF4B-00C04F79EFBC}") = "GlyphEdit.Wpf", "GlyphEdit.Wpf\GlyphEdit.Wpf.csproj", "{CC1A3EBE-0141-4C12-B05B-1BFE14998F6A}"
EndProject
Global
	GlobalSection(SolutionConfigurationPlatforms) = preSolution
		Debug|Any CPU = Debug|Any CPU
		Release|Any CPU = Release|Any CPU
	EndGlobalSection
	GlobalSection(ProjectConfigurationPlatforms) = postSolution
		{2AAB3240-3F20-427B-B333-FE4F65CC811B}.Debug|Any CPU.ActiveCfg = Debug|Any CPU
		{2AAB3240-3F20-427B-B333-FE4F65CC811B}.Debug|Any CPU.Build.0 = Debug|Any CPU
		{2AAB3240-3F20-427B-B333-FE4F65CC811B}.Release|Any CPU.ActiveCfg = Release|Any CPU
		{2AAB3240-3F20-427B-B333-FE4F65CC811B}.Release|Any CPU.Build.0 = Release|Any CPU
		{34C02FAB-F641-4705-A435-87B0452C5100}.Debug|Any CPU.ActiveCfg = Debug|Any CPU
		{34C02FAB-F641-4705-A435-87B0452C5100}.Debug|Any CPU.Build.0 = Debug|Any CPU
		{34C02FAB-F641-4705-A435-87B0452C5100}.Release|Any CPU.ActiveCfg = Release|Any CPU
		{34C02FAB-F641-4705-A435-87B0452C5100}.Release|Any CPU.Build.0 = Release|Any CPU
		{592C7013-B334-479F-B30F-7D83505A5884}.Debug|Any CPU.ActiveCfg = Debug|Any CPU
		{592C7013-B334-479F-B30F-7D83505A5884}.Debug|Any CPU.Build.0 = Debug|Any CPU
		{592C7013-B334-479F-B30F-7D83505A5884}.Release|Any CPU.ActiveCfg = Release|Any CPU
		{592C7013-B334-479F-B30F-7D83505A5884}.Release|Any CPU.Build.0 = Release|Any CPU
		{CC1A3EBE-0141-4C12-B05B-1BFE14998F6A}.Debug|Any CPU.ActiveCfg = Debug|Any CPU
		{CC1A3EBE-0141-4C12-B05B-1BFE14998F6A}.Debug|Any CPU.Build.0 = Debug|Any CPU
		{CC1A3EBE-0141-4C12-B05B-1BFE14998F6A}.Release|Any CPU.ActiveCfg = Release|Any CPU
		{CC1A3EBE-0141-4C12-B05B-1BFE14998F6A}.Release|Any CPU.Build.0 = Release|Any CPU
	EndGlobalSection
	GlobalSection(SolutionProperties) = preSolution
		HideSolutionNode = FALSE
	EndGlobalSection
	GlobalSection(ExtensibilityGlobals) = postSolution
		SolutionGuid = {4D278196-37BA-4EB4-B6A5-8C0D14BD3312}
	EndGlobalSection
EndGlobal
